
Microsoft Visual Studio Solution File, Format Version 12.00
# Visual Studio Version 16
VisualStudioVersion = 16.0.30204.135
MinimumVisualStudioVersion = 10.0.40219.1
Project("{FAE04EC0-301F-11D3-BF4B-00C04F79EFBC}") = "AlgorithmicToolbox", "AlgorithmicToolbox\AlgorithmicToolbox.csproj", "{EBFD1265-4BD7-4AD2-92C5-62EAB4B228C1}"
EndProject
Project("{FAE04EC0-301F-11D3-BF4B-00C04F79EFBC}") = "Tests", "Tests\Tests.csproj", "{42950C64-AD7F-4DC2-8F07-299F9B239D32}"
EndProject
Global
	GlobalSection(SolutionConfigurationPlatforms) = preSolution
		Debug|Any CPU = Debug|Any CPU
		Release|Any CPU = Release|Any CPU
	EndGlobalSection
	GlobalSection(ProjectConfigurationPlatforms) = postSolution
		{EBFD1265-4BD7-4AD2-92C5-62EAB4B228C1}.Debug|Any CPU.ActiveCfg = Debug|Any CPU
		{EBFD1265-4BD7-4AD2-92C5-62EAB4B228C1}.Debug|Any CPU.Build.0 = Debug|Any CPU
		{EBFD1265-4BD7-4AD2-92C5-62EAB4B228C1}.Release|Any CPU.ActiveCfg = Release|Any CPU
		{EBFD1265-4BD7-4AD2-92C5-62EAB4B228C1}.Release|Any CPU.Build.0 = Release|Any CPU
		{42950C64-AD7F-4DC2-8F07-299F9B239D32}.Debug|Any CPU.ActiveCfg = Debug|Any CPU
		{42950C64-AD7F-4DC2-8F07-299F9B239D32}.Debug|Any CPU.Build.0 = Debug|Any CPU
		{42950C64-AD7F-4DC2-8F07-299F9B239D32}.Release|Any CPU.ActiveCfg = Release|Any CPU
		{42950C64-AD7F-4DC2-8F07-299F9B239D32}.Release|Any CPU.Build.0 = Release|Any CPU
	EndGlobalSection
	GlobalSection(SolutionProperties) = preSolution
		HideSolutionNode = FALSE
	EndGlobalSection
	GlobalSection(ExtensibilityGlobals) = postSolution
		SolutionGuid = {EA18F2C5-FBFC-4809-881E-ECB535FA9EAB}
	EndGlobalSection
EndGlobal
